
Microsoft Visual Studio Solution File, Format Version 12.00
# Visual Studio Version 17
VisualStudioVersion = 17.7.34003.232
MinimumVisualStudioVersion = 10.0.40219.1
Project("{9A19103F-16F7-4668-BE54-9A1E7A4F7556}") = "Ecommerce_back", "Ecommerce_back\Ecommerce_back.csproj", "{452942FB-77EB-4548-8FC7-3477B76D9431}"
EndProject
Project("{FAE04EC0-301F-11D3-BF4B-00C04F79EFBC}") = "Ecommerce_Web", "Ecommerce_Web\Ecommerce_Web.csproj", "{7E927B4F-A3F7-4B00-887B-607C5D8B08EA}"
EndProject
Global
	GlobalSection(SolutionConfigurationPlatforms) = preSolution
		Debug|Any CPU = Debug|Any CPU
		Release|Any CPU = Release|Any CPU
	EndGlobalSection
	GlobalSection(ProjectConfigurationPlatforms) = postSolution
		{452942FB-77EB-4548-8FC7-3477B76D9431}.Debug|Any CPU.ActiveCfg = Debug|Any CPU
		{452942FB-77EB-4548-8FC7-3477B76D9431}.Debug|Any CPU.Build.0 = Debug|Any CPU
		{452942FB-77EB-4548-8FC7-3477B76D9431}.Release|Any CPU.ActiveCfg = Release|Any CPU
		{452942FB-77EB-4548-8FC7-3477B76D9431}.Release|Any CPU.Build.0 = Release|Any CPU
		{7E927B4F-A3F7-4B00-887B-607C5D8B08EA}.Debug|Any CPU.ActiveCfg = Debug|Any CPU
		{7E927B4F-A3F7-4B00-887B-607C5D8B08EA}.Debug|Any CPU.Build.0 = Debug|Any CPU
		{7E927B4F-A3F7-4B00-887B-607C5D8B08EA}.Release|Any CPU.ActiveCfg = Release|Any CPU
		{7E927B4F-A3F7-4B00-887B-607C5D8B08EA}.Release|Any CPU.Build.0 = Release|Any CPU
	EndGlobalSection
	GlobalSection(SolutionProperties) = preSolution
		HideSolutionNode = FALSE
	EndGlobalSection
	GlobalSection(ExtensibilityGlobals) = postSolution
		SolutionGuid = {0AA6BEDB-CD27-4F70-8645-7056FE8D0761}
	EndGlobalSection
EndGlobal
